
Microsoft Visual Studio Solution File, Format Version 12.00
# Visual Studio 15
VisualStudioVersion = 15.0.28010.2048
MinimumVisualStudioVersion = 10.0.40219.1
Project("{FAE04EC0-301F-11D3-BF4B-00C04F79EFBC}") = "MonStarWars.Android", "MonStarWars\MonStarWars.Android\MonStarWars.Android.csproj", "{4775A045-6495-4480-A1EF-9C403D008E99}"
EndProject
Project("{FAE04EC0-301F-11D3-BF4B-00C04F79EFBC}") = "MonStarWars.iOS", "MonStarWars\MonStarWars.iOS\MonStarWars.iOS.csproj", "{347FD4A5-ADD5-4123-9D0B-AFEC2BD929BE}"
EndProject
Project("{FAE04EC0-301F-11D3-BF4B-00C04F79EFBC}") = "MonStarWars.UWP", "MonStarWars\MonStarWars.UWP\MonStarWars.UWP.csproj", "{7D53CC01-31CF-4769-9BBF-B3AD458A69DC}"
EndProject
Project("{FAE04EC0-301F-11D3-BF4B-00C04F79EFBC}") = "MonStarWars", "MonStarWars\MonStarWars\MonStarWars.csproj", "{A08F8D56-1625-4BAB-8A87-F71149D4F076}"
EndProject
Global
	GlobalSection(SolutionConfigurationPlatforms) = preSolution
		Ad-Hoc|Any CPU = Ad-Hoc|Any CPU
		Ad-Hoc|ARM = Ad-Hoc|ARM
		Ad-Hoc|iPhone = Ad-Hoc|iPhone
		Ad-Hoc|iPhoneSimulator = Ad-Hoc|iPhoneSimulator
		Ad-Hoc|x64 = Ad-Hoc|x64
		Ad-Hoc|x86 = Ad-Hoc|x86
		AppStore|Any CPU = AppStore|Any CPU
		AppStore|ARM = AppStore|ARM
		AppStore|iPhone = AppStore|iPhone
		AppStore|iPhoneSimulator = AppStore|iPhoneSimulator
		AppStore|x64 = AppStore|x64
		AppStore|x86 = AppStore|x86
		Debug|Any CPU = Debug|Any CPU
		Debug|ARM = Debug|ARM
		Debug|iPhone = Debug|iPhone
		Debug|iPhoneSimulator = Debug|iPhoneSimulator
		Debug|x64 = Debug|x64
		Debug|x86 = Debug|x86
		Release|Any CPU = Release|Any CPU
		Release|ARM = Release|ARM
		Release|iPhone = Release|iPhone
		Release|iPhoneSimulator = Release|iPhoneSimulator
		Release|x64 = Release|x64
		Release|x86 = Release|x86
	EndGlobalSection
	GlobalSection(ProjectConfigurationPlatforms) = postSolution
		{4775A045-6495-4480-A1EF-9C403D008E99}.Ad-Hoc|Any CPU.ActiveCfg = Release|Any CPU
		{4775A045-6495-4480-A1EF-9C403D008E99}.Ad-Hoc|Any CPU.Build.0 = Release|Any CPU
		{4775A045-6495-4480-A1EF-9C403D008E99}.Ad-Hoc|Any CPU.Deploy.0 = Release|Any CPU
		{4775A045-6495-4480-A1EF-9C403D008E99}.Ad-Hoc|ARM.ActiveCfg = Release|Any CPU
		{4775A045-6495-4480-A1EF-9C403D008E99}.Ad-Hoc|ARM.Build.0 = Release|Any CPU
		{4775A045-6495-4480-A1EF-9C403D008E99}.Ad-Hoc|ARM.Deploy.0 = Release|Any CPU
		{4775A045-6495-4480-A1EF-9C403D008E99}.Ad-Hoc|iPhone.ActiveCfg = Release|Any CPU
		{4775A045-6495-4480-A1EF-9C403D008E99}.Ad-Hoc|iPhone.Build.0 = Release|Any CPU
		{4775A045-6495-4480-A1EF-9C403D008E99}.Ad-Hoc|iPhone.Deploy.0 = Release|Any CPU
		{4775A045-6495-4480-A1EF-9C403D008E99}.Ad-Hoc|iPhoneSimulator.ActiveCfg = Release|Any CPU
		{4775A045-6495-4480-A1EF-9C403D008E99}.Ad-Hoc|iPhoneSimulator.Build.0 = Release|Any CPU
		{4775A045-6495-4480-A1EF-9C403D008E99}.Ad-Hoc|iPhoneSimulator.Deploy.0 = Release|Any CPU
		{4775A045-6495-4480-A1EF-9C403D008E99}.Ad-Hoc|x64.ActiveCfg = Release|Any CPU
		{4775A045-6495-4480-A1EF-9C403D008E99}.Ad-Hoc|x64.Build.0 = Release|Any CPU
		{4775A045-6495-4480-A1EF-9C403D008E99}.Ad-Hoc|x64.Deploy.0 = Release|Any CPU
		{4775A045-6495-4480-A1EF-9C403D008E99}.Ad-Hoc|x86.ActiveCfg = Release|Any CPU
		{4775A045-6495-4480-A1EF-9C403D008E99}.Ad-Hoc|x86.Build.0 = Release|Any CPU
		{4775A045-6495-4480-A1EF-9C403D008E99}.Ad-Hoc|x86.Deploy.0 = Release|Any CPU
		{4775A045-6495-4480-A1EF-9C403D008E99}.AppStore|Any CPU.ActiveCfg = Release|Any CPU
		{4775A045-6495-4480-A1EF-9C403D008E99}.AppStore|Any CPU.Build.0 = Release|Any CPU
		{4775A045-6495-4480-A1EF-9C403D008E99}.AppStore|Any CPU.Deploy.0 = Release|Any CPU
		{4775A045-6495-4480-A1EF-9C403D008E99}.AppStore|ARM.ActiveCfg = Release|Any CPU
		{4775A045-6495-4480-A1EF-9C403D008E99}.AppStore|ARM.Build.0 = Release|Any CPU
		{4775A045-6495-4480-A1EF-9C403D008E99}.AppStore|ARM.Deploy.0 = Release|Any CPU
		{4775A045-6495-4480-A1EF-9C403D008E99}.AppStore|iPhone.ActiveCfg = Release|Any CPU
		{4775A045-6495-4480-A1EF-9C403D008E99}.AppStore|iPhone.Build.0 = Release|Any CPU
		{4775A045-6495-4480-A1EF-9C403D008E99}.AppStore|iPhone.Deploy.0 = Release|Any CPU
		{4775A045-6495-4480-A1EF-9C403D008E99}.AppStore|iPhoneSimulator.ActiveCfg = Release|Any CPU
		{4775A045-6495-4480-A1EF-9C403D008E99}.AppStore|iPhoneSimulator.Build.0 = Release|Any CPU
		{4775A045-6495-4480-A1EF-9C403D008E99}.AppStore|iPhoneSimulator.Deploy.0 = Release|Any CPU
		{4775A045-6495-4480-A1EF-9C403D008E99}.AppStore|x64.ActiveCfg = Release|Any CPU
		{4775A045-6495-4480-A1EF-9C403D008E99}.AppStore|x64.Build.0 = Release|Any CPU
		{4775A045-6495-4480-A1EF-9C403D008E99}.AppStore|x64.Deploy.0 = Release|Any CPU
		{4775A045-6495-4480-A1EF-9C403D008E99}.AppStore|x86.ActiveCfg = Release|Any CPU
		{4775A045-6495-4480-A1EF-9C403D008E99}.AppStore|x86.Build.0 = Release|Any CPU
		{4775A045-6495-4480-A1EF-9C403D008E99}.AppStore|x86.Deploy.0 = Release|Any CPU
		{4775A045-6495-4480-A1EF-9C403D008E99}.Debug|Any CPU.ActiveCfg = Debug|Any CPU
		{4775A045-6495-4480-A1EF-9C403D008E99}.Debug|Any CPU.Build.0 = Debug|Any CPU
		{4775A045-6495-4480-A1EF-9C403D008E99}.Debug|Any CPU.Deploy.0 = Debug|Any CPU
		{4775A045-6495-4480-A1EF-9C403D008E99}.Debug|ARM.ActiveCfg = Debug|Any CPU
		{4775A045-6495-4480-A1EF-9C403D008E99}.Debug|ARM.Build.0 = Debug|Any CPU
		{4775A045-6495-4480-A1EF-9C403D008E99}.Debug|ARM.Deploy.0 = Debug|Any CPU
		{4775A045-6495-4480-A1EF-9C403D008E99}.Debug|iPhone.ActiveCfg = Debug|Any CPU
		{4775A045-6495-4480-A1EF-9C403D008E99}.Debug|iPhone.Build.0 = Debug|Any CPU
		{4775A045-6495-4480-A1EF-9C403D008E99}.Debug|iPhone.Deploy.0 = Debug|Any CPU
		{4775A045-6495-4480-A1EF-9C403D008E99}.Debug|iPhoneSimulator.ActiveCfg = Debug|Any CPU
		{4775A045-6495-4480-A1EF-9C403D008E99}.Debug|iPhoneSimulator.Build.0 = Debug|Any CPU
		{4775A045-6495-4480-A1EF-9C403D008E99}.Debug|iPhoneSimulator.Deploy.0 = Debug|Any CPU
		{4775A045-6495-4480-A1EF-9C403D008E99}.Debug|x64.ActiveCfg = Debug|Any CPU
		{4775A045-6495-4480-A1EF-9C403D008E99}.Debug|x64.Build.0 = Debug|Any CPU
		{4775A045-6495-4480-A1EF-9C403D008E99}.Debug|x64.Deploy.0 = Debug|Any CPU
		{4775A045-6495-4480-A1EF-9C403D008E99}.Debug|x86.ActiveCfg = Debug|Any CPU
		{4775A045-6495-4480-A1EF-9C403D008E99}.Debug|x86.Build.0 = Debug|Any CPU
		{4775A045-6495-4480-A1EF-9C403D008E99}.Debug|x86.Deploy.0 = Debug|Any CPU
		{4775A045-6495-4480-A1EF-9C403D008E99}.Release|Any CPU.ActiveCfg = Release|Any CPU
		{4775A045-6495-4480-A1EF-9C403D008E99}.Release|Any CPU.Build.0 = Release|Any CPU
		{4775A045-6495-4480-A1EF-9C403D008E99}.Release|Any CPU.Deploy.0 = Release|Any CPU
		{4775A045-6495-4480-A1EF-9C403D008E99}.Release|ARM.ActiveCfg = Release|Any CPU
		{4775A045-6495-4480-A1EF-9C403D008E99}.Release|ARM.Build.0 = Release|Any CPU
		{4775A045-6495-4480-A1EF-9C403D008E99}.Release|ARM.Deploy.0 = Release|Any CPU
		{4775A045-6495-4480-A1EF-9C403D008E99}.Release|iPhone.ActiveCfg = Release|Any CPU
		{4775A045-6495-4480-A1EF-9C403D008E99}.Release|iPhone.Build.0 = Release|Any CPU
		{4775A045-6495-4480-A1EF-9C403D008E99}.Release|iPhone.Deploy.0 = Release|Any CPU
		{4775A045-6495-4480-A1EF-9C403D008E99}.Release|iPhoneSimulator.ActiveCfg = Release|Any CPU
		{4775A045-6495-4480-A1EF-9C403D008E99}.Release|iPhoneSimulator.Build.0 = Release|Any CPU
		{4775A045-6495-4480-A1EF-9C403D008E99}.Release|iPhoneSimulator.Deploy.0 = Release|Any CPU
		{4775A045-6495-4480-A1EF-9C403D008E99}.Release|x64.ActiveCfg = Release|Any CPU
		{4775A045-6495-4480-A1EF-9C403D008E99}.Release|x64.Build.0 = Release|Any CPU
		{4775A045-6495-4480-A1EF-9C403D008E99}.Release|x64.Deploy.0 = Release|Any CPU
		{4775A045-6495-4480-A1EF-9C403D008E99}.Release|x86.ActiveCfg = Release|Any CPU
		{4775A045-6495-4480-A1EF-9C403D008E99}.Release|x86.Build.0 = Release|Any CPU
		{4775A045-6495-4480-A1EF-9C403D008E99}.Release|x86.Deploy.0 = Release|Any CPU
		{347FD4A5-ADD5-4123-9D0B-AFEC2BD929BE}.Ad-Hoc|Any CPU.ActiveCfg = Ad-Hoc|iPhone
		{347FD4A5-ADD5-4123-9D0B-AFEC2BD929BE}.Ad-Hoc|Any CPU.Build.0 = Ad-Hoc|iPhone
		{347FD4A5-ADD5-4123-9D0B-AFEC2BD929BE}.Ad-Hoc|Any CPU.Deploy.0 = Ad-Hoc|iPhone
		{347FD4A5-ADD5-4123-9D0B-AFEC2BD929BE}.Ad-Hoc|ARM.ActiveCfg = Ad-Hoc|iPhone
		{347FD4A5-ADD5-4123-9D0B-AFEC2BD929BE}.Ad-Hoc|ARM.Build.0 = Ad-Hoc|iPhone
		{347FD4A5-ADD5-4123-9D0B-AFEC2BD929BE}.Ad-Hoc|ARM.Deploy.0 = Ad-Hoc|iPhone
		{347FD4A5-ADD5-4123-9D0B-AFEC2BD929BE}.Ad-Hoc|iPhone.ActiveCfg = Ad-Hoc|iPhone
		{347FD4A5-ADD5-4123-9D0B-AFEC2BD929BE}.Ad-Hoc|iPhone.Build.0 = Ad-Hoc|iPhone
		{347FD4A5-ADD5-4123-9D0B-AFEC2BD929BE}.Ad-Hoc|iPhone.Deploy.0 = Ad-Hoc|iPhone
		{347FD4A5-ADD5-4123-9D0B-AFEC2BD929BE}.Ad-Hoc|iPhoneSimulator.ActiveCfg = Ad-Hoc|iPhoneSimulator
		{347FD4A5-ADD5-4123-9D0B-AFEC2BD929BE}.Ad-Hoc|iPhoneSimulator.Build.0 = Ad-Hoc|iPhoneSimulator
		{347FD4A5-ADD5-4123-9D0B-AFEC2BD929BE}.Ad-Hoc|iPhoneSimulator.Deploy.0 = Ad-Hoc|iPhoneSimulator
		{347FD4A5-ADD5-4123-9D0B-AFEC2BD929BE}.Ad-Hoc|x64.ActiveCfg = Ad-Hoc|iPhone
		{347FD4A5-ADD5-4123-9D0B-AFEC2BD929BE}.Ad-Hoc|x64.Build.0 = Ad-Hoc|iPhone
		{347FD4A5-ADD5-4123-9D0B-AFEC2BD929BE}.Ad-Hoc|x64.Deploy.0 = Ad-Hoc|iPhone
		{347FD4A5-ADD5-4123-9D0B-AFEC2BD929BE}.Ad-Hoc|x86.ActiveCfg = Ad-Hoc|iPhone
		{347FD4A5-ADD5-4123-9D0B-AFEC2BD929BE}.Ad-Hoc|x86.Build.0 = Ad-Hoc|iPhone
		{347FD4A5-ADD5-4123-9D0B-AFEC2BD929BE}.Ad-Hoc|x86.Deploy.0 = Ad-Hoc|iPhone
		{347FD4A5-ADD5-4123-9D0B-AFEC2BD929BE}.AppStore|Any CPU.ActiveCfg = AppStore|iPhone
		{347FD4A5-ADD5-4123-9D0B-AFEC2BD929BE}.AppStore|Any CPU.Build.0 = AppStore|iPhone
		{347FD4A5-ADD5-4123-9D0B-AFEC2BD929BE}.AppStore|Any CPU.Deploy.0 = AppStore|iPhone
		{347FD4A5-ADD5-4123-9D0B-AFEC2BD929BE}.AppStore|ARM.ActiveCfg = AppStore|iPhone
		{347FD4A5-ADD5-4123-9D0B-AFEC2BD929BE}.AppStore|ARM.Build.0 = AppStore|iPhone
		{347FD4A5-ADD5-4123-9D0B-AFEC2BD929BE}.AppStore|ARM.Deploy.0 = AppStore|iPhone
		{347FD4A5-ADD5-4123-9D0B-AFEC2BD929BE}.AppStore|iPhone.ActiveCfg = AppStore|iPhone
		{347FD4A5-ADD5-4123-9D0B-AFEC2BD929BE}.AppStore|iPhone.Build.0 = AppStore|iPhone
		{347FD4A5-ADD5-4123-9D0B-AFEC2BD929BE}.AppStore|iPhone.Deploy.0 = AppStore|iPhone
		{347FD4A5-ADD5-4123-9D0B-AFEC2BD929BE}.AppStore|iPhoneSimulator.ActiveCfg = AppStore|iPhoneSimulator
		{347FD4A5-ADD5-4123-9D0B-AFEC2BD929BE}.AppStore|iPhoneSimulator.Build.0 = AppStore|iPhoneSimulator
		{347FD4A5-ADD5-4123-9D0B-AFEC2BD929BE}.AppStore|iPhoneSimulator.Deploy.0 = AppStore|iPhoneSimulator
		{347FD4A5-ADD5-4123-9D0B-AFEC2BD929BE}.AppStore|x64.ActiveCfg = AppStore|iPhone
		{347FD4A5-ADD5-4123-9D0B-AFEC2BD929BE}.AppStore|x64.Build.0 = AppStore|iPhone
		{347FD4A5-ADD5-4123-9D0B-AFEC2BD929BE}.AppStore|x64.Deploy.0 = AppStore|iPhone
		{347FD4A5-ADD5-4123-9D0B-AFEC2BD929BE}.AppStore|x86.ActiveCfg = AppStore|iPhone
		{347FD4A5-ADD5-4123-9D0B-AFEC2BD929BE}.AppStore|x86.Build.0 = AppStore|iPhone
		{347FD4A5-ADD5-4123-9D0B-AFEC2BD929BE}.AppStore|x86.Deploy.0 = AppStore|iPhone
		{347FD4A5-ADD5-4123-9D0B-AFEC2BD929BE}.Debug|Any CPU.ActiveCfg = Debug|iPhoneSimulator
		{347FD4A5-ADD5-4123-9D0B-AFEC2BD929BE}.Debug|Any CPU.Build.0 = Debug|iPhoneSimulator
		{347FD4A5-ADD5-4123-9D0B-AFEC2BD929BE}.Debug|Any CPU.Deploy.0 = Debug|iPhoneSimulator
		{347FD4A5-ADD5-4123-9D0B-AFEC2BD929BE}.Debug|ARM.ActiveCfg = Debug|iPhone
		{347FD4A5-ADD5-4123-9D0B-AFEC2BD929BE}.Debug|ARM.Build.0 = Debug|iPhone
		{347FD4A5-ADD5-4123-9D0B-AFEC2BD929BE}.Debug|ARM.Deploy.0 = Debug|iPhone
		{347FD4A5-ADD5-4123-9D0B-AFEC2BD929BE}.Debug|iPhone.ActiveCfg = Debug|iPhone
		{347FD4A5-ADD5-4123-9D0B-AFEC2BD929BE}.Debug|iPhone.Build.0 = Debug|iPhone
		{347FD4A5-ADD5-4123-9D0B-AFEC2BD929BE}.Debug|iPhone.Deploy.0 = Debug|iPhone
		{347FD4A5-ADD5-4123-9D0B-AFEC2BD929BE}.Debug|iPhoneSimulator.ActiveCfg = Debug|iPhoneSimulator
		{347FD4A5-ADD5-4123-9D0B-AFEC2BD929BE}.Debug|iPhoneSimulator.Build.0 = Debug|iPhoneSimulator
		{347FD4A5-ADD5-4123-9D0B-AFEC2BD929BE}.Debug|iPhoneSimulator.Deploy.0 = Debug|iPhoneSimulator
		{347FD4A5-ADD5-4123-9D0B-AFEC2BD929BE}.Debug|x64.ActiveCfg = Debug|iPhone
		{347FD4A5-ADD5-4123-9D0B-AFEC2BD929BE}.Debug|x64.Build.0 = Debug|iPhone
		{347FD4A5-ADD5-4123-9D0B-AFEC2BD929BE}.Debug|x64.Deploy.0 = Debug|iPhone
		{347FD4A5-ADD5-4123-9D0B-AFEC2BD929BE}.Debug|x86.ActiveCfg = Debug|iPhone
		{347FD4A5-ADD5-4123-9D0B-AFEC2BD929BE}.Debug|x86.Build.0 = Debug|iPhone
		{347FD4A5-ADD5-4123-9D0B-AFEC2BD929BE}.Debug|x86.Deploy.0 = Debug|iPhone
		{347FD4A5-ADD5-4123-9D0B-AFEC2BD929BE}.Release|Any CPU.ActiveCfg = Release|iPhone
		{347FD4A5-ADD5-4123-9D0B-AFEC2BD929BE}.Release|Any CPU.Build.0 = Release|iPhone
		{347FD4A5-ADD5-4123-9D0B-AFEC2BD929BE}.Release|Any CPU.Deploy.0 = Release|iPhone
		{347FD4A5-ADD5-4123-9D0B-AFEC2BD929BE}.Release|ARM.ActiveCfg = Release|iPhone
		{347FD4A5-ADD5-4123-9D0B-AFEC2BD929BE}.Release|ARM.Build.0 = Release|iPhone
		{347FD4A5-ADD5-4123-9D0B-AFEC2BD929BE}.Release|ARM.Deploy.0 = Release|iPhone
		{347FD4A5-ADD5-4123-9D0B-AFEC2BD929BE}.Release|iPhone.ActiveCfg = Release|iPhone
		{347FD4A5-ADD5-4123-9D0B-AFEC2BD929BE}.Release|iPhone.Build.0 = Release|iPhone
		{347FD4A5-ADD5-4123-9D0B-AFEC2BD929BE}.Release|iPhone.Deploy.0 = Release|iPhone
		{347FD4A5-ADD5-4123-9D0B-AFEC2BD929BE}.Release|iPhoneSimulator.ActiveCfg = Release|iPhoneSimulator
		{347FD4A5-ADD5-4123-9D0B-AFEC2BD929BE}.Release|iPhoneSimulator.Build.0 = Release|iPhoneSimulator
		{347FD4A5-ADD5-4123-9D0B-AFEC2BD929BE}.Release|iPhoneSimulator.Deploy.0 = Release|iPhoneSimulator
		{347FD4A5-ADD5-4123-9D0B-AFEC2BD929BE}.Release|x64.ActiveCfg = Release|iPhone
		{347FD4A5-ADD5-4123-9D0B-AFEC2BD929BE}.Release|x64.Build.0 = Release|iPhone
		{347FD4A5-ADD5-4123-9D0B-AFEC2BD929BE}.Release|x64.Deploy.0 = Release|iPhone
		{347FD4A5-ADD5-4123-9D0B-AFEC2BD929BE}.Release|x86.ActiveCfg = Release|iPhone
		{347FD4A5-ADD5-4123-9D0B-AFEC2BD929BE}.Release|x86.Build.0 = Release|iPhone
		{347FD4A5-ADD5-4123-9D0B-AFEC2BD929BE}.Release|x86.Deploy.0 = Release|iPhone
		{7D53CC01-31CF-4769-9BBF-B3AD458A69DC}.Ad-Hoc|Any CPU.ActiveCfg = Release|x86
		{7D53CC01-31CF-4769-9BBF-B3AD458A69DC}.Ad-Hoc|Any CPU.Build.0 = Release|x86
		{7D53CC01-31CF-4769-9BBF-B3AD458A69DC}.Ad-Hoc|Any CPU.Deploy.0 = Release|x86
		{7D53CC01-31CF-4769-9BBF-B3AD458A69DC}.Ad-Hoc|ARM.ActiveCfg = Release|ARM
		{7D53CC01-31CF-4769-9BBF-B3AD458A69DC}.Ad-Hoc|ARM.Build.0 = Release|ARM
		{7D53CC01-31CF-4769-9BBF-B3AD458A69DC}.Ad-Hoc|ARM.Deploy.0 = Release|ARM
		{7D53CC01-31CF-4769-9BBF-B3AD458A69DC}.Ad-Hoc|iPhone.ActiveCfg = Release|x86
		{7D53CC01-31CF-4769-9BBF-B3AD458A69DC}.Ad-Hoc|iPhone.Build.0 = Release|x86
		{7D53CC01-31CF-4769-9BBF-B3AD458A69DC}.Ad-Hoc|iPhone.Deploy.0 = Release|x86
		{7D53CC01-31CF-4769-9BBF-B3AD458A69DC}.Ad-Hoc|iPhoneSimulator.ActiveCfg = Release|x86
		{7D53CC01-31CF-4769-9BBF-B3AD458A69DC}.Ad-Hoc|iPhoneSimulator.Build.0 = Release|x86
		{7D53CC01-31CF-4769-9BBF-B3AD458A69DC}.Ad-Hoc|iPhoneSimulator.Deploy.0 = Release|x86
		{7D53CC01-31CF-4769-9BBF-B3AD458A69DC}.Ad-Hoc|x64.ActiveCfg = Release|x64
		{7D53CC01-31CF-4769-9BBF-B3AD458A69DC}.Ad-Hoc|x64.Build.0 = Release|x64
		{7D53CC01-31CF-4769-9BBF-B3AD458A69DC}.Ad-Hoc|x64.Deploy.0 = Release|x64
		{7D53CC01-31CF-4769-9BBF-B3AD458A69DC}.Ad-Hoc|x86.ActiveCfg = Release|x86
		{7D53CC01-31CF-4769-9BBF-B3AD458A69DC}.Ad-Hoc|x86.Build.0 = Release|x86
		{7D53CC01-31CF-4769-9BBF-B3AD458A69DC}.Ad-Hoc|x86.Deploy.0 = Release|x86
		{7D53CC01-31CF-4769-9BBF-B3AD458A69DC}.AppStore|Any CPU.ActiveCfg = Release|x86
		{7D53CC01-31CF-4769-9BBF-B3AD458A69DC}.AppStore|Any CPU.Build.0 = Release|x86
		{7D53CC01-31CF-4769-9BBF-B3AD458A69DC}.AppStore|Any CPU.Deploy.0 = Release|x86
		{7D53CC01-31CF-4769-9BBF-B3AD458A69DC}.AppStore|ARM.ActiveCfg = Release|ARM
		{7D53CC01-31CF-4769-9BBF-B3AD458A69DC}.AppStore|ARM.Build.0 = Release|ARM
		{7D53CC01-31CF-4769-9BBF-B3AD458A69DC}.AppStore|ARM.Deploy.0 = Release|ARM
		{7D53CC01-31CF-4769-9BBF-B3AD458A69DC}.AppStore|iPhone.ActiveCfg = Release|x86
		{7D53CC01-31CF-4769-9BBF-B3AD458A69DC}.AppStore|iPhone.Build.0 = Release|x86
		{7D53CC01-31CF-4769-9BBF-B3AD458A69DC}.AppStore|iPhone.Deploy.0 = Release|x86
		{7D53CC01-31CF-4769-9BBF-B3AD458A69DC}.AppStore|iPhoneSimulator.ActiveCfg = Release|x86
		{7D53CC01-31CF-4769-9BBF-B3AD458A69DC}.AppStore|iPhoneSimulator.Build.0 = Release|x86
		{7D53CC01-31CF-4769-9BBF-B3AD458A69DC}.AppStore|iPhoneSimulator.Deploy.0 = Release|x86
		{7D53CC01-31CF-4769-9BBF-B3AD458A69DC}.AppStore|x64.ActiveCfg = Release|x64
		{7D53CC01-31CF-4769-9BBF-B3AD458A69DC}.AppStore|x64.Build.0 = Release|x64
		{7D53CC01-31CF-4769-9BBF-B3AD458A69DC}.AppStore|x64.Deploy.0 = Release|x64
		{7D53CC01-31CF-4769-9BBF-B3AD458A69DC}.AppStore|x86.ActiveCfg = Release|x86
		{7D53CC01-31CF-4769-9BBF-B3AD458A69DC}.AppStore|x86.Build.0 = Release|x86
		{7D53CC01-31CF-4769-9BBF-B3AD458A69DC}.AppStore|x86.Deploy.0 = Release|x86
		{7D53CC01-31CF-4769-9BBF-B3AD458A69DC}.Debug|Any CPU.ActiveCfg = Debug|x86
		{7D53CC01-31CF-4769-9BBF-B3AD458A69DC}.Debug|Any CPU.Build.0 = Debug|x86
		{7D53CC01-31CF-4769-9BBF-B3AD458A69DC}.Debug|Any CPU.Deploy.0 = Debug|x86
		{7D53CC01-31CF-4769-9BBF-B3AD458A69DC}.Debug|ARM.ActiveCfg = Debug|ARM
		{7D53CC01-31CF-4769-9BBF-B3AD458A69DC}.Debug|ARM.Build.0 = Debug|ARM
		{7D53CC01-31CF-4769-9BBF-B3AD458A69DC}.Debug|ARM.Deploy.0 = Debug|ARM
		{7D53CC01-31CF-4769-9BBF-B3AD458A69DC}.Debug|iPhone.ActiveCfg = Debug|x86
		{7D53CC01-31CF-4769-9BBF-B3AD458A69DC}.Debug|iPhone.Build.0 = Debug|x86
		{7D53CC01-31CF-4769-9BBF-B3AD458A69DC}.Debug|iPhone.Deploy.0 = Debug|x86
		{7D53CC01-31CF-4769-9BBF-B3AD458A69DC}.Debug|iPhoneSimulator.ActiveCfg = Debug|x86
		{7D53CC01-31CF-4769-9BBF-B3AD458A69DC}.Debug|iPhoneSimulator.Build.0 = Debug|x86
		{7D53CC01-31CF-4769-9BBF-B3AD458A69DC}.Debug|iPhoneSimulator.Deploy.0 = Debug|x86
		{7D53CC01-31CF-4769-9BBF-B3AD458A69DC}.Debug|x64.ActiveCfg = Debug|x64
		{7D53CC01-31CF-4769-9BBF-B3AD458A69DC}.Debug|x64.Build.0 = Debug|x64
		{7D53CC01-31CF-4769-9BBF-B3AD458A69DC}.Debug|x64.Deploy.0 = Debug|x64
		{7D53CC01-31CF-4769-9BBF-B3AD458A69DC}.Debug|x86.ActiveCfg = Debug|x86
		{7D53CC01-31CF-4769-9BBF-B3AD458A69DC}.Debug|x86.Build.0 = Debug|x86
		{7D53CC01-31CF-4769-9BBF-B3AD458A69DC}.Debug|x86.Deploy.0 = Debug|x86
		{7D53CC01-31CF-4769-9BBF-B3AD458A69DC}.Release|Any CPU.ActiveCfg = Release|x86
		{7D53CC01-31CF-4769-9BBF-B3AD458A69DC}.Release|Any CPU.Build.0 = Release|x86
		{7D53CC01-31CF-4769-9BBF-B3AD458A69DC}.Release|Any CPU.Deploy.0 = Release|x86
		{7D53CC01-31CF-4769-9BBF-B3AD458A69DC}.Release|ARM.ActiveCfg = Release|ARM
		{7D53CC01-31CF-4769-9BBF-B3AD458A69DC}.Release|ARM.Build.0 = Release|ARM
		{7D53CC01-31CF-4769-9BBF-B3AD458A69DC}.Release|ARM.Deploy.0 = Release|ARM
		{7D53CC01-31CF-4769-9BBF-B3AD458A69DC}.Release|iPhone.ActiveCfg = Release|x86
		{7D53CC01-31CF-4769-9BBF-B3AD458A69DC}.Release|iPhone.Build.0 = Release|x86
		{7D53CC01-31CF-4769-9BBF-B3AD458A69DC}.Release|iPhone.Deploy.0 = Release|x86
		{7D53CC01-31CF-4769-9BBF-B3AD458A69DC}.Release|iPhoneSimulator.ActiveCfg = Release|x86
		{7D53CC01-31CF-4769-9BBF-B3AD458A69DC}.Release|iPhoneSimulator.Build.0 = Release|x86
		{7D53CC01-31CF-4769-9BBF-B3AD458A69DC}.Release|iPhoneSimulator.Deploy.0 = Release|x86
		{7D53CC01-31CF-4769-9BBF-B3AD458A69DC}.Release|x64.ActiveCfg = Release|x64
		{7D53CC01-31CF-4769-9BBF-B3AD458A69DC}.Release|x64.Build.0 = Release|x64
		{7D53CC01-31CF-4769-9BBF-B3AD458A69DC}.Release|x64.Deploy.0 = Release|x64
		{7D53CC01-31CF-4769-9BBF-B3AD458A69DC}.Release|x86.ActiveCfg = Release|x86
		{7D53CC01-31CF-4769-9BBF-B3AD458A69DC}.Release|x86.Build.0 = Release|x86
		{7D53CC01-31CF-4769-9BBF-B3AD458A69DC}.Release|x86.Deploy.0 = Release|x86
		{A08F8D56-1625-4BAB-8A87-F71149D4F076}.Ad-Hoc|Any CPU.ActiveCfg = Debug|Any CPU
		{A08F8D56-1625-4BAB-8A87-F71149D4F076}.Ad-Hoc|Any CPU.Build.0 = Debug|Any CPU
		{A08F8D56-1625-4BAB-8A87-F71149D4F076}.Ad-Hoc|Any CPU.Deploy.0 = Debug|Any CPU
		{A08F8D56-1625-4BAB-8A87-F71149D4F076}.Ad-Hoc|ARM.ActiveCfg = Debug|Any CPU
		{A08F8D56-1625-4BAB-8A87-F71149D4F076}.Ad-Hoc|ARM.Build.0 = Debug|Any CPU
		{A08F8D56-1625-4BAB-8A87-F71149D4F076}.Ad-Hoc|ARM.Deploy.0 = Debug|Any CPU
		{A08F8D56-1625-4BAB-8A87-F71149D4F076}.Ad-Hoc|iPhone.ActiveCfg = Debug|Any CPU
		{A08F8D56-1625-4BAB-8A87-F71149D4F076}.Ad-Hoc|iPhone.Build.0 = Debug|Any CPU
		{A08F8D56-1625-4BAB-8A87-F71149D4F076}.Ad-Hoc|iPhone.Deploy.0 = Debug|Any CPU
		{A08F8D56-1625-4BAB-8A87-F71149D4F076}.Ad-Hoc|iPhoneSimulator.ActiveCfg = Debug|Any CPU
		{A08F8D56-1625-4BAB-8A87-F71149D4F076}.Ad-Hoc|iPhoneSimulator.Build.0 = Debug|Any CPU
		{A08F8D56-1625-4BAB-8A87-F71149D4F076}.Ad-Hoc|iPhoneSimulator.Deploy.0 = Debug|Any CPU
		{A08F8D56-1625-4BAB-8A87-F71149D4F076}.Ad-Hoc|x64.ActiveCfg = Debug|Any CPU
		{A08F8D56-1625-4BAB-8A87-F71149D4F076}.Ad-Hoc|x64.Build.0 = Debug|Any CPU
		{A08F8D56-1625-4BAB-8A87-F71149D4F076}.Ad-Hoc|x64.Deploy.0 = Debug|Any CPU
		{A08F8D56-1625-4BAB-8A87-F71149D4F076}.Ad-Hoc|x86.ActiveCfg = Debug|Any CPU
		{A08F8D56-1625-4BAB-8A87-F71149D4F076}.Ad-Hoc|x86.Build.0 = Debug|Any CPU
		{A08F8D56-1625-4BAB-8A87-F71149D4F076}.Ad-Hoc|x86.Deploy.0 = Debug|Any CPU
		{A08F8D56-1625-4BAB-8A87-F71149D4F076}.AppStore|Any CPU.ActiveCfg = Debug|Any CPU
		{A08F8D56-1625-4BAB-8A87-F71149D4F076}.AppStore|Any CPU.Build.0 = Debug|Any CPU
		{A08F8D56-1625-4BAB-8A87-F71149D4F076}.AppStore|Any CPU.Deploy.0 = Debug|Any CPU
		{A08F8D56-1625-4BAB-8A87-F71149D4F076}.AppStore|ARM.ActiveCfg = Debug|Any CPU
		{A08F8D56-1625-4BAB-8A87-F71149D4F076}.AppStore|ARM.Build.0 = Debug|Any CPU
		{A08F8D56-1625-4BAB-8A87-F71149D4F076}.AppStore|ARM.Deploy.0 = Debug|Any CPU
		{A08F8D56-1625-4BAB-8A87-F71149D4F076}.AppStore|iPhone.ActiveCfg = Debug|Any CPU
		{A08F8D56-1625-4BAB-8A87-F71149D4F076}.AppStore|iPhone.Build.0 = Debug|Any CPU
		{A08F8D56-1625-4BAB-8A87-F71149D4F076}.AppStore|iPhone.Deploy.0 = Debug|Any CPU
		{A08F8D56-1625-4BAB-8A87-F71149D4F076}.AppStore|iPhoneSimulator.ActiveCfg = Debug|Any CPU
		{A08F8D56-1625-4BAB-8A87-F71149D4F076}.AppStore|iPhoneSimulator.Build.0 = Debug|Any CPU
		{A08F8D56-1625-4BAB-8A87-F71149D4F076}.AppStore|iPhoneSimulator.Deploy.0 = Debug|Any CPU
		{A08F8D56-1625-4BAB-8A87-F71149D4F076}.AppStore|x64.ActiveCfg = Debug|Any CPU
		{A08F8D56-1625-4BAB-8A87-F71149D4F076}.AppStore|x64.Build.0 = Debug|Any CPU
		{A08F8D56-1625-4BAB-8A87-F71149D4F076}.AppStore|x64.Deploy.0 = Debug|Any CPU
		{A08F8D56-1625-4BAB-8A87-F71149D4F076}.AppStore|x86.ActiveCfg = Debug|Any CPU
		{A08F8D56-1625-4BAB-8A87-F71149D4F076}.AppStore|x86.Build.0 = Debug|Any CPU
		{A08F8D56-1625-4BAB-8A87-F71149D4F076}.AppStore|x86.Deploy.0 = Debug|Any CPU
		{A08F8D56-1625-4BAB-8A87-F71149D4F076}.Debug|Any CPU.ActiveCfg = Debug|Any CPU
		{A08F8D56-1625-4BAB-8A87-F71149D4F076}.Debug|Any CPU.Build.0 = Debug|Any CPU
		{A08F8D56-1625-4BAB-8A87-F71149D4F076}.Debug|Any CPU.Deploy.0 = Debug|Any CPU
		{A08F8D56-1625-4BAB-8A87-F71149D4F076}.Debug|ARM.ActiveCfg = Debug|Any CPU
		{A08F8D56-1625-4BAB-8A87-F71149D4F076}.Debug|ARM.Build.0 = Debug|Any CPU
		{A08F8D56-1625-4BAB-8A87-F71149D4F076}.Debug|ARM.Deploy.0 = Debug|Any CPU
		{A08F8D56-1625-4BAB-8A87-F71149D4F076}.Debug|iPhone.ActiveCfg = Debug|Any CPU
		{A08F8D56-1625-4BAB-8A87-F71149D4F076}.Debug|iPhone.Build.0 = Debug|Any CPU
		{A08F8D56-1625-4BAB-8A87-F71149D4F076}.Debug|iPhone.Deploy.0 = Debug|Any CPU
		{A08F8D56-1625-4BAB-8A87-F71149D4F076}.Debug|iPhoneSimulator.ActiveCfg = Debug|Any CPU
		{A08F8D56-1625-4BAB-8A87-F71149D4F076}.Debug|iPhoneSimulator.Build.0 = Debug|Any CPU
		{A08F8D56-1625-4BAB-8A87-F71149D4F076}.Debug|iPhoneSimulator.Deploy.0 = Debug|Any CPU
		{A08F8D56-1625-4BAB-8A87-F71149D4F076}.Debug|x64.ActiveCfg = Debug|Any CPU
		{A08F8D56-1625-4BAB-8A87-F71149D4F076}.Debug|x64.Build.0 = Debug|Any CPU
		{A08F8D56-1625-4BAB-8A87-F71149D4F076}.Debug|x64.Deploy.0 = Debug|Any CPU
		{A08F8D56-1625-4BAB-8A87-F71149D4F076}.Debug|x86.ActiveCfg = Debug|Any CPU
		{A08F8D56-1625-4BAB-8A87-F71149D4F076}.Debug|x86.Build.0 = Debug|Any CPU
		{A08F8D56-1625-4BAB-8A87-F71149D4F076}.Debug|x86.Deploy.0 = Debug|Any CPU
		{A08F8D56-1625-4BAB-8A87-F71149D4F076}.Release|Any CPU.ActiveCfg = Release|Any CPU
		{A08F8D56-1625-4BAB-8A87-F71149D4F076}.Release|Any CPU.Build.0 = Release|Any CPU
		{A08F8D56-1625-4BAB-8A87-F71149D4F076}.Release|Any CPU.Deploy.0 = Release|Any CPU
		{A08F8D56-1625-4BAB-8A87-F71149D4F076}.Release|ARM.ActiveCfg = Release|Any CPU
		{A08F8D56-1625-4BAB-8A87-F71149D4F076}.Release|ARM.Build.0 = Release|Any CPU
		{A08F8D56-1625-4BAB-8A87-F71149D4F076}.Release|ARM.Deploy.0 = Release|Any CPU
		{A08F8D56-1625-4BAB-8A87-F71149D4F076}.Release|iPhone.ActiveCfg = Release|Any CPU
		{A08F8D56-1625-4BAB-8A87-F71149D4F076}.Release|iPhone.Build.0 = Release|Any CPU
		{A08F8D56-1625-4BAB-8A87-F71149D4F076}.Release|iPhone.Deploy.0 = Release|Any CPU
		{A08F8D56-1625-4BAB-8A87-F71149D4F076}.Release|iPhoneSimulator.ActiveCfg = Release|Any CPU
		{A08F8D56-1625-4BAB-8A87-F71149D4F076}.Release|iPhoneSimulator.Build.0 = Release|Any CPU
		{A08F8D56-1625-4BAB-8A87-F71149D4F076}.Release|iPhoneSimulator.Deploy.0 = Release|Any CPU
		{A08F8D56-1625-4BAB-8A87-F71149D4F076}.Release|x64.ActiveCfg = Release|Any CPU
		{A08F8D56-1625-4BAB-8A87-F71149D4F076}.Release|x64.Build.0 = Release|Any CPU
		{A08F8D56-1625-4BAB-8A87-F71149D4F076}.Release|x64.Deploy.0 = Release|Any CPU
		{A08F8D56-1625-4BAB-8A87-F71149D4F076}.Release|x86.ActiveCfg = Release|Any CPU
		{A08F8D56-1625-4BAB-8A87-F71149D4F076}.Release|x86.Build.0 = Release|Any CPU
		{A08F8D56-1625-4BAB-8A87-F71149D4F076}.Release|x86.Deploy.0 = Release|Any CPU
	EndGlobalSection
	GlobalSection(SolutionProperties) = preSolution
		HideSolutionNode = FALSE
	EndGlobalSection
	GlobalSection(ExtensibilityGlobals) = postSolution
		SolutionGuid = {FE30EF20-3986-41C5-B754-6F57E74E0B5D}
	EndGlobalSection
EndGlobal
